
Microsoft Visual Studio Solution File, Format Version 12.00
# Visual Studio Version 16
VisualStudioVersion = 16.0.30413.136
MinimumVisualStudioVersion = 10.0.40219.1
Project("{FAE04EC0-301F-11D3-BF4B-00C04F79EFBC}") = "FXS", "FXS\FXS.csproj", "{58C4B3F9-A252-4713-899A-81A98523C680}"
EndProject
Global
	GlobalSection(SolutionConfigurationPlatforms) = preSolution
		Debug|Any CPU = Debug|Any CPU
		Release|Any CPU = Release|Any CPU
	EndGlobalSection
	GlobalSection(ProjectConfigurationPlatforms) = postSolution
		{58C4B3F9-A252-4713-899A-81A98523C680}.Debug|Any CPU.ActiveCfg = Debug|Any CPU
		{58C4B3F9-A252-4713-899A-81A98523C680}.Debug|Any CPU.Build.0 = Debug|Any CPU
		{58C4B3F9-A252-4713-899A-81A98523C680}.Release|Any CPU.ActiveCfg = Release|Any CPU
		{58C4B3F9-A252-4713-899A-81A98523C680}.Release|Any CPU.Build.0 = Release|Any CPU
	EndGlobalSection
	GlobalSection(SolutionProperties) = preSolution
		HideSolutionNode = FALSE
	EndGlobalSection
	GlobalSection(ExtensibilityGlobals) = postSolution
		SolutionGuid = {A0659ABA-84A9-4E4F-B41F-EB0D78140C73}
	EndGlobalSection
EndGlobal
